PODS:
  - Eureka (5.5.0)
  - IPtProxy (4.3.0)
  - IPtProxyUI (4.10.0):
    - Eureka (~> 5.3)
    - IPtProxy (~> 4.3.0)
    - IPtProxyUI/App (= 4.10.0)
  - IPtProxyUI/App (4.10.0):
    - Eureka (~> 5.3)
    - IPtProxy (~> 4.3.0)
    - ProgressHUD (~> 14.1)
  - OrbotKit (1.2.0)
  - ProgressHUD (14.1.1)
  - Tor/Core (408.21.3)
  - Tor/CTor (408.21.3):
    - Tor/Core
  - Tor/GeoIP (408.21.3):
    - Tor/CTor
  - TorManager (0.5.0):
    - IPtProxyUI (~> 4.9)
    - OrbotKit (~> 1.1)
    - Tor/GeoIP (~> 408.17)

DEPENDENCIES:
  - TorManager (~> 0.5.0)

SPEC REPOS:
  trunk:
    - Eureka
    - IPtProxy
    - IPtProxyUI
    - OrbotKit
    - ProgressHUD
    - Tor
    - TorManager

SPEC CHECKSUMS:
  Eureka: 1c18c7fcd8f772cc2ca42d6be36292dffa77eecb
  IPtProxy: 1c3350e50f7aa8f8382e716cb6e5130a05dc68ed
  IPtProxyUI: db2b3c450eafbd3abf61c67aea9ec8a654c6f5ca
  OrbotKit: e932cc741c18e9a39242ae1c61eea6d54e54bd87
  ProgressHUD: abb9136ae23c85204236828562cb9a8ec98efb44
  Tor: 59e730d2f9893475e6aca838915eba331fdcba79
  TorManager: 0a1210dddfb757574de1a1762ad45fca9877caf7

PODFILE CHECKSUM: 045bc3aed73b5b5339134c021853e7fe99eb3d0c

COCOAPODS: 1.16.2
